// !$*UTF8*$!
{
	archiveVersion = 1;
	classes = {
	};
	objectVersion = 56;
	objects = {

/* Begin PBXBuildFile section */
		7793175129F95C8800E458E1 /* AppDelegate.swift in Sources */ = {isa = PBXBuildFile; fileRef = 7793175029F95C8800E458E1 /* AppDelegate.swift */; };
		7793175329F95C8800E458E1 /* SceneDelegate.swift in Sources */ = {isa = PBXBuildFile; fileRef = 7793175229F95C8800E458E1 /* SceneDelegate.swift */; };
		7793175529F95C8800E458E1 /* ViewController.swift in Sources */ = {isa = PBXBuildFile; fileRef = 7793175429F95C8800E458E1 /* ViewController.swift */; };
		7793175829F95C8800E458E1 /* Main.storyboard in Resources */ = {isa = PBXBuildFile; fileRef = 7793175629F95C8800E458E1 /* Main.storyboard */; };
		7793175A29F95C8B00E458E1 /* Assets.xcassets in Resources */ = {isa = PBXBuildFile; fileRef = 7793175929F95C8B00E458E1 /* Assets.xcassets */; };
		7793175D29F95C8B00E458E1 /* LaunchScreen.storyboard in Resources */ = {isa = PBXBuildFile; fileRef = 7793175B29F95C8B00E458E1 /* LaunchScreen.storyboard */; };
		7793176829F95C8B00E458E1 /* BSET0426Tests.swift in Sources */ = {isa = PBXBuildFile; fileRef = 7793176729F95C8B00E458E1 /* BSET0426Tests.swift */; };
		7793177229F95C8B00E458E1 /* BSET0426UITests.swift in Sources */ = {isa = PBXBuildFile; fileRef = 7793177129F95C8B00E458E1 /* BSET0426UITests.swift */; };
		7793177429F95C8B00E458E1 /* BSET0426UITestsLaunchTests.swift in Sources */ = {isa = PBXBuildFile; fileRef = 7793177329F95C8B00E458E1 /* BSET0426UITestsLaunchTests.swift */; };
		77FD3BC429F95EF700911810 /* ViewController2.swift in Sources */ = {isa = PBXBuildFile; fileRef = 77FD3BC329F95EF700911810 /* ViewController2.swift */; };
		77FD3BC629F960BE00911810 /* Data.swift in Sources */ = {isa = PBXBuildFile; fileRef = 77FD3BC529F960BE00911810 /* Data.swift */; };
		77FD3BC829F960FC00911810 /* CustomTableViewCell.swift in Sources */ = {isa = PBXBuildFile; fileRef = 77FD3BC729F960FC00911810 /* CustomTableViewCell.swift */; };
		77FD3BCA29F9611B00911810 /* CustomTableViewCell2.swift in Sources */ = {isa = PBXBuildFile; fileRef = 77FD3BC929F9611B00911810 /* CustomTableViewCell2.swift */; };
		77FD3BCC29F9612300911810 /* CustomTableViewCell3.swift in Sources */ = {isa = PBXBuildFile; fileRef = 77FD3BCB29F9612300911810 /* CustomTableViewCell3.swift */; };
/* End PBXBuildFile section */

/* Begin PBXContainerItemProxy section */
		7793176429F95C8B00E458E1 /* PBXContainerItemProxy */ = {
			isa = PBXContainerItemProxy;
			containerPortal = 7793174529F95C8800E458E1 /* Project object */;
			proxyType = 1;
			remoteGlobalIDString = 7793174C29F95C8800E458E1;
			remoteInfo = BSET0426;
		};
		7793176E29F95C8B00E458E1 /* PBXContainerItemProxy */ = {
			isa = PBXContainerItemProxy;
			containerPortal = 7793174529F95C8800E458E1 /* Project object */;
			proxyType = 1;
			remoteGlobalIDString = 7793174C29F95C8800E458E1;
			remoteInfo = BSET0426;
		};
/* End PBXContainerItemProxy section */

/* Begin PBXFileReference section */
		7793174D29F95C8800E458E1 /* BSET0426.app */ = {isa = PBXFileReference; explicitFileType = wrapper.application; includeInIndex = 0; path = BSET0426.app; sourceTree = BUILT_PRODUCTS_DIR; };
		7793175029F95C8800E458E1 /* AppDelegate.swift */ = {isa = PBXFileReference; lastKnownFileType = sourcecode.swift; path = AppDelegate.swift; sourceTree = "<group>"; };
		7793175229F95C8800E458E1 /* SceneDelegate.swift */ = {isa = PBXFileReference; lastKnownFileType = sourcecode.swift; path = SceneDelegate.swift; sourceTree = "<group>"; };
		7793175429F95C8800E458E1 /* ViewController.swift */ = {isa = PBXFileReference; lastKnownFileType = sourcecode.swift; path = ViewController.swift; sourceTree = "<group>"; };
		7793175729F95C8800E458E1 /* Base */ = {isa = PBXFileReference; lastKnownFileType = file.storyboard; name = Base; path = Base.lproj/Main.storyboard; sourceTree = "<group>"; };
		7793175929F95C8B00E458E1 /* Assets.xcassets */ = {isa = PBXFileReference; lastKnownFileType = folder.assetcatalog; path = Assets.xcassets; sourceTree = "<group>"; };
		7793175C29F95C8B00E458E1 /* Base */ = {isa = PBXFileReference; lastKnownFileType = file.storyboard; name = Base; path = Base.lproj/LaunchScreen.storyboard; sourceTree = "<group>"; };
		7793175E29F95C8B00E458E1 /* Info.plist */ = {isa = PBXFileReference; lastKnownFileType = text.plist.xml; path = Info.plist; sourceTree = "<group>"; };
		7793176329F95C8B00E458E1 /* BSET0426Tests.xctest */ = {isa = PBXFileReference; explicitFileType = wrapper.cfbundle; includeInIndex = 0; path = BSET0426Tests.xctest; sourceTree = BUILT_PRODUCTS_DIR; };
		7793176729F95C8B00E458E1 /* BSET0426Tests.swift */ = {isa = PBXFileReference; lastKnownFileType = sourcecode.swift; path = BSET0426Tests.swift; sourceTree = "<group>"; };
		7793176D29F95C8B00E458E1 /* BSET0426UITests.xctest */ = {isa = PBXFileReference; explicitFileType = wrapper.cfbundle; includeInIndex = 0; path = BSET0426UITests.xctest; sourceTree = BUILT_PRODUCTS_DIR; };
		7793177129F95C8B00E458E1 /* BSET0426UITests.swift */ = {isa = PBXFileReference; lastKnownFileType = sourcecode.swift; path = BSET0426UITests.swift; sourceTree = "<group>"; };
		7793177329F95C8B00E458E1 /* BSET0426UITestsLaunchTests.swift */ = {isa = PBXFileReference; lastKnownFileType = sourcecode.swift; path = BSET0426UITestsLaunchTests.swift; sourceTree = "<group>"; };
		77FD3BC329F95EF700911810 /* ViewController2.swift */ = {isa = PBXFileReference; lastKnownFileType = sourcecode.swift; path = ViewController2.swift; sourceTree = "<group>"; };
		77FD3BC529F960BE00911810 /* Data.swift */ = {isa = PBXFileReference; lastKnownFileType = sourcecode.swift; path = Data.swift; sourceTree = "<group>"; };
		77FD3BC729F960FC00911810 /* CustomTableViewCell.swift */ = {isa = PBXFileReference; lastKnownFileType = sourcecode.swift; path = CustomTableViewCell.swift; sourceTree = "<group>"; };
		77FD3BC929F9611B00911810 /* CustomTableViewCell2.swift */ = {isa = PBXFileReference; lastKnownFileType = sourcecode.swift; path = CustomTableViewCell2.swift; sourceTree = "<group>"; };
		77FD3BCB29F9612300911810 /* CustomTableViewCell3.swift */ = {isa = PBXFileReference; lastKnownFileType = sourcecode.swift; path = CustomTableViewCell3.swift; sourceTree = "<group>"; };
/* End PBXFileReference section */

/* Begin PBXFrameworksBuildPhase section */
		7793174A29F95C8800E458E1 /* Frameworks */ = {
			isa = PBXFrameworksBuildPhase;
			buildActionMask = 2147483647;
			files = (
			);
			runOnlyForDeploymentPostprocessing = 0;
		};
		7793176029F95C8B00E458E1 /* Frameworks */ = {
			isa = PBXFrameworksBuildPhase;
			buildActionMask = 2147483647;
			files = (
			);
			runOnlyForDeploymentPostprocessing = 0;
		};
		7793176A29F95C8B00E458E1 /* Frameworks */ = {
			isa = PBXFrameworksBuildPhase;
			buildActionMask = 2147483647;
			files = (
			);
			runOnlyForDeploymentPostprocessing = 0;
		};
/* End PBXFrameworksBuildPhase section */

/* Begin PBXGroup section */
		7793174429F95C8800E458E1 = {
			isa = PBXGroup;
			children = (
				7793174F29F95C8800E458E1 /* BSET0426 */,
				7793176629F95C8B00E458E1 /* BSET0426Tests */,
				7793177029F95C8B00E458E1 /* BSET0426UITests */,
				7793174E29F95C8800E458E1 /* Products */,
			);
			sourceTree = "<group>";
		};
		7793174E29F95C8800E458E1 /* Products */ = {
			isa = PBXGroup;
			children = (
				7793174D29F95C8800E458E1 /* BSET0426.app */,
				7793176329F95C8B00E458E1 /* BSET0426Tests.xctest */,
				7793176D29F95C8B00E458E1 /* BSET0426UITests.xctest */,
			);
			name = Products;
			sourceTree = "<group>";
		};
		7793174F29F95C8800E458E1 /* BSET0426 */ = {
			isa = PBXGroup;
			children = (
				7793175029F95C8800E458E1 /* AppDelegate.swift */,
				7793175229F95C8800E458E1 /* SceneDelegate.swift */,
				7793175429F95C8800E458E1 /* ViewController.swift */,
				77FD3BC529F960BE00911810 /* Data.swift */,
				7793175629F95C8800E458E1 /* Main.storyboard */,
				77FD3BC929F9611B00911810 /* CustomTableViewCell2.swift */,
				77FD3BCB29F9612300911810 /* CustomTableViewCell3.swift */,
				77FD3BC729F960FC00911810 /* CustomTableViewCell.swift */,
				77FD3BC329F95EF700911810 /* ViewController2.swift */,
				7793175929F95C8B00E458E1 /* Assets.xcassets */,
				7793175B29F95C8B00E458E1 /* LaunchScreen.storyboard */,
				7793175E29F95C8B00E458E1 /* Info.plist */,
			);
			path = BSET0426;
			sourceTree = "<group>";
		};
		7793176629F95C8B00E458E1 /* BSET0426Tests */ = {
			isa = PBXGroup;
			children = (
				7793176729F95C8B00E458E1 /* BSET0426Tests.swift */,
			);
			path = BSET0426Tests;
			sourceTree = "<group>";
		};
		7793177029F95C8B00E458E1 /* BSET0426UITests */ = {
			isa = PBXGroup;
			children = (
				7793177129F95C8B00E458E1 /* BSET0426UITests.swift */,
				7793177329F95C8B00E458E1 /* BSET0426UITestsLaunchTests.swift */,
			);
			path = BSET0426UITests;
			sourceTree = "<group>";
		};
/* End PBXGroup section */

/* Begin PBXNativeTarget section */
		7793174C29F95C8800E458E1 /* BSET0426 */ = {
			isa = PBXNativeTarget;
			buildConfigurationList = 7793177729F95C8B00E458E1 /* Build configuration list for PBXNativeTarget "BSET0426" */;
			buildPhases = (
				7793174929F95C8800E458E1 /* Sources */,
				7793174A29F95C8800E458E1 /* Frameworks */,
				7793174B29F95C8800E458E1 /* Resources */,
			);
			buildRules = (
			);
			dependencies = (
			);
			name = BSET0426;
			productName = BSET0426;
			productReference = 7793174D29F95C8800E458E1 /* BSET0426.app */;
			productType = "com.apple.product-type.application";
		};
		7793176229F95C8B00E458E1 /* BSET0426Tests */ = {
			isa = PBXNativeTarget;
			buildConfigurationList = 7793177A29F95C8B00E458E1 /* Build configuration list for PBXNativeTarget "BSET0426Tests" */;
			buildPhases = (
				7793175F29F95C8B00E458E1 /* Sources */,
				7793176029F95C8B00E458E1 /* Frameworks */,
				7793176129F95C8B00E458E1 /* Resources */,
			);
			buildRules = (
			);
			dependencies = (
				7793176529F95C8B00E458E1 /* PBXTargetDependency */,
			);
			name = BSET0426Tests;
			productName = BSET0426Tests;
			productReference = 7793176329F95C8B00E458E1 /* BSET0426Tests.xctest */;
			productType = "com.apple.product-type.bundle.unit-test";
		};
		7793176C29F95C8B00E458E1 /* BSET0426UITests */ = {
			isa = PBXNativeTarget;
			buildConfigurationList = 7793177D29F95C8B00E458E1 /* Build configuration list for PBXNativeTarget "BSET0426UITests" */;
			buildPhases = (
				7793176929F95C8B00E458E1 /* Sources */,
				7793176A29F95C8B00E458E1 /* Frameworks */,
				7793176B29F95C8B00E458E1 /* Resources */,
			);
			buildRules = (
			);
			dependencies = (
				7793176F29F95C8B00E458E1 /* PBXTargetDependency */,
			);
			name = BSET0426UITests;
			productName = BSET0426UITests;
			productReference = 7793176D29F95C8B00E458E1 /* BSET0426UITests.xctest */;
			productType = "com.apple.product-type.bundle.ui-testing";
		};
/* End PBXNativeTarget section */

/* Begin PBXProject section */
		7793174529F95C8800E458E1 /* Project object */ = {
			isa = PBXProject;
			attributes = {
				BuildIndependentTargetsInParallel = 1;
				LastSwiftUpdateCheck = 1420;
				LastUpgradeCheck = 1420;
				TargetAttributes = {
					7793174C29F95C8800E458E1 = {
						CreatedOnToolsVersion = 14.2;
					};
					7793176229F95C8B00E458E1 = {
						CreatedOnToolsVersion = 14.2;
						TestTargetID = 7793174C29F95C8800E458E1;
					};
					7793176C29F95C8B00E458E1 = {
						CreatedOnToolsVersion = 14.2;
						TestTargetID = 7793174C29F95C8800E458E1;
					};
				};
			};
			buildConfigurationList = 7793174829F95C8800E458E1 /* Build configuration list for PBXProject "BSET0426" */;
			compatibilityVersion = "Xcode 14.0";
			developmentRegion = en;
			hasScannedForEncodings = 0;
			knownRegions = (
				en,
				Base,
			);
			mainGroup = 7793174429F95C8800E458E1;
			productRefGroup = 7793174E29F95C8800E458E1 /* Products */;
			projectDirPath = "";
			projectRoot = "";
			targets = (
				7793174C29F95C8800E458E1 /* BSET0426 */,
				7793176229F95C8B00E458E1 /* BSET0426Tests */,
				7793176C29F95C8B00E458E1 /* BSET0426UITests */,
			);
		};
/* End PBXProject section */

/* Begin PBXResourcesBuildPhase section */
		7793174B29F95C8800E458E1 /* Resources */ = {
			isa = PBXResourcesBuildPhase;
			buildActionMask = 2147483647;
			files = (
				7793175D29F95C8B00E458E1 /* LaunchScreen.storyboard in Resources */,
				7793175A29F95C8B00E458E1 /* Assets.xcassets in Resources */,
				7793175829F95C8800E458E1 /* Main.storyboard in Resources */,
			);
			runOnlyForDeploymentPostprocessing = 0;
		};
		7793176129F95C8B00E458E1 /* Resources */ = {
			isa = PBXResourcesBuildPhase;
			buildActionMask = 2147483647;
			files = (
			);
			runOnlyForDeploymentPostprocessing = 0;
		};
		7793176B29F95C8B00E458E1 /* Resources */ = {
			isa = PBXResourcesBuildPhase;
			buildActionMask = 2147483647;
			files = (
			);
			runOnlyForDeploymentPostprocessing = 0;
		};
/* End PBXResourcesBuildPhase section */

/* Begin PBXSourcesBuildPhase section */
		7793174929F95C8800E458E1 /* Sources */ = {
			isa = PBXSourcesBuildPhase;
			buildActionMask = 2147483647;
			files = (
				77FD3BCA29F9611B00911810 /* CustomTableViewCell2.swift in Sources */,
				77FD3BC829F960FC00911810 /* CustomTableViewCell.swift in Sources */,
				7793175529F95C8800E458E1 /* ViewController.swift in Sources */,
				77FD3BC629F960BE00911810 /* Data.swift in Sources */,
				77FD3BC429F95EF700911810 /* ViewController2.swift in Sources */,
				7793175129F95C8800E458E1 /* AppDelegate.swift in Sources */,
				77FD3BCC29F9612300911810 /* CustomTableViewCell3.swift in Sources */,
				7793175329F95C8800E458E1 /* SceneDelegate.swift in Sources */,
			);
			runOnlyForDeploymentPostprocessing = 0;
		};
		7793175F29F95C8B00E458E1 /* Sources */ = {
			isa = PBXSourcesBuildPhase;
			buildActionMask = 2147483647;
			files = (
				7793176829F95C8B00E458E1 /* BSET0426Tests.swift in Sources */,
			);
			runOnlyForDeploymentPostprocessing = 0;
		};
		7793176929F95C8B00E458E1 /* Sources */ = {
			isa = PBXSourcesBuildPhase;
			buildActionMask = 2147483647;
			files = (
				7793177429F95C8B00E458E1 /* BSET0426UITestsLaunchTests.swift in Sources */,
				7793177229F95C8B00E458E1 /* BSET0426UITests.swift in Sources */,
			);
			runOnlyForDeploymentPostprocessing = 0;
		};
/* End PBXSourcesBuildPhase section */

/* Begin PBXTargetDependency section */
		7793176529F95C8B00E458E1 /* PBXTargetDependency */ = {
			isa = PBXTargetDependency;
			target = 7793174C29F95C8800E458E1 /* BSET0426 */;
			targetProxy = 7793176429F95C8B00E458E1 /* PBXContainerItemProxy */;
		};
		7793176F29F95C8B00E458E1 /* PBXTargetDependency */ = {
			isa = PBXTargetDependency;
			target = 7793174C29F95C8800E458E1 /* BSET0426 */;
			targetProxy = 7793176E29F95C8B00E458E1 /* PBXContainerItemProxy */;
		};
/* End PBXTargetDependency section */

/* Begin PBXVariantGroup section */
		7793175629F95C8800E458E1 /* Main.storyboard */ = {
			isa = PBXVariantGroup;
			children = (
				7793175729F95C8800E458E1 /* Base */,
			);
			name = Main.storyboard;
			sourceTree = "<group>";
		};
		7793175B29F95C8B00E458E1 /* LaunchScreen.storyboard */ = {
			isa = PBXVariantGroup;
			children = (
				7793175C29F95C8B00E458E1 /* Base */,
			);
			name = LaunchScreen.storyboard;
			sourceTree = "<group>";
		};
/* End PBXVariantGroup section */

/* Begin XCBuildConfiguration section */
		7793177529F95C8B00E458E1 /* Debug */ = {
			isa = XCBuildConfiguration;
			buildSettings = {
				ALWAYS_SEARCH_USER_PATHS = NO;
				CLANG_ANALYZER_NONNULL = YES;
				CLANG_ANALYZER_NUMBER_OBJECT_CONVERSION = YES_AGGRESSIVE;
				CLANG_CXX_LANGUAGE_STANDARD = "gnu++20";
				CLANG_ENABLE_MODULES = YES;
				CLANG_ENABLE_OBJC_ARC = YES;
				CLANG_ENABLE_OBJC_WEAK = YES;
				CLANG_WARN_BLOCK_CAPTURE_AUTORELEASING = YES;
				CLANG_WARN_BOOL_CONVERSION = YES;
				CLANG_WARN_COMMA = YES;
				CLANG_WARN_CONSTANT_CONVERSION = YES;
				CLANG_WARN_DEPRECATED_OBJC_IMPLEMENTATIONS = YES;
				CLANG_WARN_DIRECT_OBJC_ISA_USAGE = YES_ERROR;
				CLANG_WARN_DOCUMENTATION_COMMENTS = YES;
				CLANG_WARN_EMPTY_BODY = YES;
				CLANG_WARN_ENUM_CONVERSION = YES;
				CLANG_WARN_INFINITE_RECURSION = YES;
				CLANG_WARN_INT_CONVERSION = YES;
				CLANG_WARN_NON_LITERAL_NULL_CONVERSION = YES;
				CLANG_WARN_OBJC_IMPLICIT_RETAIN_SELF = YES;
				CLANG_WARN_OBJC_LITERAL_CONVERSION = YES;
				CLANG_WARN_OBJC_ROOT_CLASS = YES_ERROR;
				CLANG_WARN_QUOTED_INCLUDE_IN_FRAMEWORK_HEADER = YES;
				CLANG_WARN_RANGE_LOOP_ANALYSIS = YES;
				CLANG_WARN_STRICT_PROTOTYPES = YES;
				CLANG_WARN_SUSPICIOUS_MOVE = YES;
				CLANG_WARN_UNGUARDED_AVAILABILITY = YES_AGGRESSIVE;
				CLANG_WARN_UNREACHABLE_CODE = YES;
				CLANG_WARN__DUPLICATE_METHOD_MATCH = YES;
				COPY_PHASE_STRIP = NO;
				DEBUG_INFORMATION_FORMAT = dwarf;
				ENABLE_STRICT_OBJC_MSGSEND = YES;
				ENABLE_TESTABILITY = YES;
				GCC_C_LANGUAGE_STANDARD = gnu11;
				GCC_DYNAMIC_NO_PIC = NO;
				GCC_NO_COMMON_BLOCKS = YES;
				GCC_OPTIMIZATION_LEVEL = 0;
				GCC_PREPROCESSOR_DEFINITIONS = (
					"DEBUG=1",
					"$(inherited)",
				);
				GCC_WARN_64_TO_32_BIT_CONVERSION = YES;
				GCC_WARN_ABOUT_RETURN_TYPE = YES_ERROR;
				GCC_WARN_UNDECLARED_SELECTOR = YES;
				GCC_WARN_UNINITIALIZED_AUTOS = YES_AGGRESSIVE;
				GCC_WARN_UNUSED_FUNCTION = YES;
				GCC_WARN_UNUSED_VARIABLE = YES;
				IPHONEOS_DEPLOYMENT_TARGET = 16.2;
				MTL_ENABLE_DEBUG_INFO = INCLUDE_SOURCE;
				MTL_FAST_MATH = YES;
				ONLY_ACTIVE_ARCH = YES;
				SDKROOT = iphoneos;
				SWIFT_ACTIVE_COMPILATION_CONDITIONS = DEBUG;
				SWIFT_OPTIMIZATION_LEVEL = "-Onone";
			};
			name = Debug;
		};
		7793177629F95C8B00E458E1 /* Release */ = {
			isa = XCBuildConfiguration;
			buildSettings = {
				ALWAYS_SEARCH_USER_PATHS = NO;
				CLANG_ANALYZER_NONNULL = YES;
				CLANG_ANALYZER_NUMBER_OBJECT_CONVERSION = YES_AGGRESSIVE;
				CLANG_CXX_LANGUAGE_STANDARD = "gnu++20";
				CLANG_ENABLE_MODULES = YES;
				CLANG_ENABLE_OBJC_ARC = YES;
				CLANG_ENABLE_OBJC_WEAK = YES;
				CLANG_WARN_BLOCK_CAPTURE_AUTORELEASING = YES;
				CLANG_WARN_BOOL_CONVERSION = YES;
				CLANG_WARN_COMMA = YES;
				CLANG_WARN_CONSTANT_CONVERSION = YES;
				CLANG_WARN_DEPRECATED_OBJC_IMPLEMENTATIONS = YES;
				CLANG_WARN_DIRECT_OBJC_ISA_USAGE = YES_ERROR;
				CLANG_WARN_DOCUMENTATION_COMMENTS = YES;
				CLANG_WARN_EMPTY_BODY = YES;
				CLANG_WARN_ENUM_CONVERSION = YES;
				CLANG_WARN_INFINITE_RECURSION = YES;
				CLANG_WARN_INT_CONVERSION = YES;
				CLANG_WARN_NON_LITERAL_NULL_CONVERSION = YES;
				CLANG_WARN_OBJC_IMPLICIT_RETAIN_SELF = YES;
				CLANG_WARN_OBJC_LITERAL_CONVERSION = YES;
				CLANG_WARN_OBJC_ROOT_CLASS = YES_ERROR;
				CLANG_WARN_QUOTED_INCLUDE_IN_FRAMEWORK_HEADER = YES;
				CLANG_WARN_RANGE_LOOP_ANALYSIS = YES;
				CLANG_WARN_STRICT_PROTOTYPES = YES;
				CLANG_WARN_SUSPICIOUS_MOVE = YES;
				CLANG_WARN_UNGUARDED_AVAILABILITY = YES_AGGRESSIVE;
				CLANG_WARN_UNREACHABLE_CODE = YES;
				CLANG_WARN__DUPLICATE_METHOD_MATCH = YES;
				COPY_PHASE_STRIP = NO;
				DEBUG_INFORMATION_FORMAT = "dwarf-with-dsym";
				ENABLE_NS_ASSERTIONS = NO;
				ENABLE_STRICT_OBJC_MSGSEND = YES;
				GCC_C_LANGUAGE_STANDARD = gnu11;
				GCC_NO_COMMON_BLOCKS = YES;
				GCC_WARN_64_TO_32_BIT_CONVERSION = YES;
				GCC_WARN_ABOUT_RETURN_TYPE = YES_ERROR;
				GCC_WARN_UNDECLARED_SELECTOR = YES;
				GCC_WARN_UNINITIALIZED_AUTOS = YES_AGGRESSIVE;
				GCC_WARN_UNUSED_FUNCTION = YES;
				GCC_WARN_UNUSED_VARIABLE = YES;
				IPHONEOS_DEPLOYMENT_TARGET = 16.2;
				MTL_ENABLE_DEBUG_INFO = NO;
				MTL_FAST_MATH = YES;
				SDKROOT = iphoneos;
				SWIFT_COMPILATION_MODE = wholemodule;
				SWIFT_OPTIMIZATION_LEVEL = "-O";
				VALIDATE_PRODUCT = YES;
			};
			name = Release;
		};
		7793177829F95C8B00E458E1 /* Debug */ = {
			isa = XCBuildConfiguration;
			buildSettings = {
				ASSETCATALOG_COMPILER_APPICON_NAME = AppIcon;
				ASSETCATALOG_COMPILER_GLOBAL_ACCENT_COLOR_NAME = AccentColor;
				CODE_SIGN_STYLE = Automatic;
				CURRENT_PROJECT_VERSION = 1;
				DEVELOPMENT_TEAM = 4SHJ665Z7D;
				GENERATE_INFOPLIST_FILE = YES;
				INFOPLIST_FILE = BSET0426/Info.plist;
				INFOPLIST_KEY_UIApplicationSupportsIndirectInputEvents = YES;
				INFOPLIST_KEY_UILaunchStoryboardName = LaunchScreen;
				INFOPLIST_KEY_UIMainStoryboardFile = Main;
				INFOPLIST_KEY_UISupportedInterfaceOrientations_iPad = "UIInterfaceOrientationPortrait UIInterfaceOrientationPortraitUpsideDown UIInterfaceOrientationLandscapeLeft UIInterfaceOrientationLandscapeRight";
				INFOPLIST_KEY_UISupportedInterfaceOrientations_iPhone = "UIInterfaceOrientationPortrait UIInterfaceOrientationLandscapeLeft UIInterfaceOrientationLandscapeRight";
				LD_RUNPATH_SEARCH_PATHS = (
					"$(inherited)",
					"@executable_path/Frameworks",
				);
				MARKETING_VERSION = 1.0;
				PRODUCT_BUNDLE_IDENTIFIER = cong.island.BSET0426;
				PRODUCT_NAME = "$(TARGET_NAME)";
				SWIFT_EMIT_LOC_STRINGS = YES;
				SWIFT_VERSION = 5.0;
				TARGETED_DEVICE_FAMILY = "1,2";
			};
			name = Debug;
		};
		7793177929F95C8B00E458E1 /* Release */ = {
			isa = XCBuildConfiguration;
			buildSettings = {
				ASSETCATALOG_COMPILER_APPICON_NAME = AppIcon;
				ASSETCATALOG_COMPILER_GLOBAL_ACCENT_COLOR_NAME = AccentColor;
				CODE_SIGN_STYLE = Automatic;
				CURRENT_PROJECT_VERSION = 1;
				DEVELOPMENT_TEAM = 4SHJ665Z7D;
				GENERATE_INFOPLIST_FILE = YES;
				INFOPLIST_FILE = BSET0426/Info.plist;
				INFOPLIST_KEY_UIApplicationSupportsIndirectInputEvents = YES;
				INFOPLIST_KEY_UILaunchStoryboardName = LaunchScreen;
				INFOPLIST_KEY_UIMainStoryboardFile = Main;
				INFOPLIST_KEY_UISupportedInterfaceOrientations_iPad = "UIInterfaceOrientationPortrait UIInterfaceOrientationPortraitUpsideDown UIInterfaceOrientationLandscapeLeft UIInterfaceOrientationLandscapeRight";
				INFOPLIST_KEY_UISupportedInterfaceOrientations_iPhone = "UIInterfaceOrientationPortrait UIInterfaceOrientationLandscapeLeft UIInterfaceOrientationLandscapeRight";
				LD_RUNPATH_SEARCH_PATHS = (
					"$(inherited)",
					"@executable_path/Frameworks",
				);
				MARKETING_VERSION = 1.0;
				PRODUCT_BUNDLE_IDENTIFIER = cong.island.BSET0426;
				PRODUCT_NAME = "$(TARGET_NAME)";
				SWIFT_EMIT_LOC_STRINGS = YES;
				SWIFT_VERSION = 5.0;
				TARGETED_DEVICE_FAMILY = "1,2";
			};
			name = Release;
		};
		7793177B29F95C8B00E458E1 /* Debug */ = {
			isa = XCBuildConfiguration;
			buildSettings = {
				ALWAYS_EMBED_SWIFT_STANDARD_LIBRARIES = YES;
				BUNDLE_LOADER = "$(TEST_HOST)";
				CODE_SIGN_STYLE = Automatic;
				CURRENT_PROJECT_VERSION = 1;
				DEVELOPMENT_TEAM = 4SHJ665Z7D;
				GENERATE_INFOPLIST_FILE = YES;
				IPHONEOS_DEPLOYMENT_TARGET = 16.2;
				MARKETING_VERSION = 1.0;
				PRODUCT_BUNDLE_IDENTIFIER = cong.island.BSET0426Tests;
				PRODUCT_NAME = "$(TARGET_NAME)";
				SWIFT_EMIT_LOC_STRINGS = NO;
				SWIFT_VERSION = 5.0;
				TARGETED_DEVICE_FAMILY = "1,2";
				TEST_HOST = "$(BUILT_PRODUCTS_DIR)/BSET0426.app/$(BUNDLE_EXECUTABLE_FOLDER_PATH)/BSET0426";
			};
			name = Debug;
		};
		7793177C29F95C8B00E458E1 /* Release */ = {
			isa = XCBuildConfiguration;
			buildSettings = {
				ALWAYS_EMBED_SWIFT_STANDARD_LIBRARIES = YES;
				BUNDLE_LOADER = "$(TEST_HOST)";
				CODE_SIGN_STYLE = Automatic;
				CURRENT_PROJECT_VERSION = 1;
				DEVELOPMENT_TEAM = 4SHJ665Z7D;
				GENERATE_INFOPLIST_FILE = YES;
				IPHONEOS_DEPLOYMENT_TARGET = 16.2;
				MARKETING_VERSION = 1.0;
				PRODUCT_BUNDLE_IDENTIFIER = cong.island.BSET0426Tests;
				PRODUCT_NAME = "$(TARGET_NAME)";
				SWIFT_EMIT_LOC_STRINGS = NO;
				SWIFT_VERSION = 5.0;
				TARGETED_DEVICE_FAMILY = "1,2";
				TEST_HOST = "$(BUILT_PRODUCTS_DIR)/BSET0426.app/$(BUNDLE_EXECUTABLE_FOLDER_PATH)/BSET0426";
			};
			name = Release;
		};
		7793177E29F95C8B00E458E1 /* Debug */ = {
			isa = XCBuildConfiguration;
			buildSettings = {
				ALWAYS_EMBED_SWIFT_STANDARD_LIBRARIES = YES;
				CODE_SIGN_STYLE = Automatic;
				CURRENT_PROJECT_VERSION = 1;
				DEVELOPMENT_TEAM = 4SHJ665Z7D;
				GENERATE_INFOPLIST_FILE = YES;
				MARKETING_VERSION = 1.0;
				PRODUCT_BUNDLE_IDENTIFIER = cong.island.BSET0426UITests;
				PRODUCT_NAME = "$(TARGET_NAME)";
				SWIFT_EMIT_LOC_STRINGS = NO;
				SWIFT_VERSION = 5.0;
				TARGETED_DEVICE_FAMILY = "1,2";
				TEST_TARGET_NAME = BSET0426;
			};
			name = Debug;
		};
		7793177F29F95C8B00E458E1 /* Release */ = {
			isa = XCBuildConfiguration;
			buildSettings = {
				ALWAYS_EMBED_SWIFT_STANDARD_LIBRARIES = YES;
				CODE_SIGN_STYLE = Automatic;
				CURRENT_PROJECT_VERSION = 1;
				DEVELOPMENT_TEAM = 4SHJ665Z7D;
				GENERATE_INFOPLIST_FILE = YES;
				MARKETING_VERSION = 1.0;
				PRODUCT_BUNDLE_IDENTIFIER = cong.island.BSET0426UITests;
				PRODUCT_NAME = "$(TARGET_NAME)";
				SWIFT_EMIT_LOC_STRINGS = NO;
				SWIFT_VERSION = 5.0;
				TARGETED_DEVICE_FAMILY = "1,2";
				TEST_TARGET_NAME = BSET0426;
			};
			name = Release;
		};
/* End XCBuildConfiguration section */

/* Begin XCConfigurationList section */
		7793174829F95C8800E458E1 /* Build configuration list for PBXProject "BSET0426" */ = {
			isa = XCConfigurationList;
			buildConfigurations = (
				7793177529F95C8B00E458E1 /* Debug */,
				7793177629F95C8B00E458E1 /* Release */,
			);
			defaultConfigurationIsVisible = 0;
			defaultConfigurationName = Release;
		};
		7793177729F95C8B00E458E1 /* Build configuration list for PBXNativeTarget "BSET0426" */ = {
			isa = XCConfigurationList;
			buildConfigurations = (
				7793177829F95C8B00E458E1 /* Debug */,
				7793177929F95C8B00E458E1 /* Release */,
			);
			defaultConfigurationIsVisible = 0;
			defaultConfigurationName = Release;
		};
		7793177A29F95C8B00E458E1 /* Build configuration list for PBXNativeTarget "BSET0426Tests" */ = {
			isa = XCConfigurationList;
			buildConfigurations = (
				7793177B29F95C8B00E458E1 /* Debug */,
				7793177C29F95C8B00E458E1 /* Release */,
			);
			defaultConfigurationIsVisible = 0;
			defaultConfigurationName = Release;
		};
		7793177D29F95C8B00E458E1 /* Build configuration list for PBXNativeTarget "BSET0426UITests" */ = {
			isa = XCConfigurationList;
			buildConfigurations = (
				7793177E29F95C8B00E458E1 /* Debug */,
				7793177F29F95C8B00E458E1 /* Release */,
			);
			defaultConfigurationIsVisible = 0;
			defaultConfigurationName = Release;
		};
/* End XCConfigurationList section */
	};
	rootObject = 7793174529F95C8800E458E1 /* Project object */;
}
